// !$*UTF8*$!
{
	archiveVersion = 1;
	classes = {
	};
	objectVersion = 50;
	objects = {

/* Begin PBXBuildFile section */
		633DC38423974E2E0005485F /* Colors.swift in Sources */ = {isa = PBXBuildFile; fileRef = 633DC38323974E2E0005485F /* Colors.swift */; };
		633DC38623974E5C0005485F /* DetailedColorsVC.swift in Sources */ = {isa = PBXBuildFile; fileRef = 633DC38523974E5C0005485F /* DetailedColorsVC.swift */; };
		637349AB238EE84500C1ADCF /* AppDelegate.swift in Sources */ = {isa = PBXBuildFile; fileRef = 637349AA238EE84500C1ADCF /* AppDelegate.swift */; };
		637349AD238EE84500C1ADCF /* SceneDelegate.swift in Sources */ = {isa = PBXBuildFile; fileRef = 637349AC238EE84500C1ADCF /* SceneDelegate.swift */; };
		637349B4238EE84500C1ADCF /* Main.storyboard in Resources */ = {isa = PBXBuildFile; fileRef = 637349B2238EE84500C1ADCF /* Main.storyboard */; };
		637349B6238EE84B00C1ADCF /* Assets.xcassets in Resources */ = {isa = PBXBuildFile; fileRef = 637349B5238EE84B00C1ADCF /* Assets.xcassets */; };
		637349B9238EE84B00C1ADCF /* LaunchScreen.storyboard in Resources */ = {isa = PBXBuildFile; fileRef = 637349B7238EE84B00C1ADCF /* LaunchScreen.storyboard */; };
		637349C1238EE95800C1ADCF /* UserGeneratorVC.swift in Sources */ = {isa = PBXBuildFile; fileRef = 637349C0238EE95800C1ADCF /* UserGeneratorVC.swift */; };
		637349C3238EF2F300C1ADCF /* weather.json in Resources */ = {isa = PBXBuildFile; fileRef = 637349C2238EF2F300C1ADCF /* weather.json */; };
		637349C5238EF32100C1ADCF /* color.json in Resources */ = {isa = PBXBuildFile; fileRef = 637349C4238EF32100C1ADCF /* color.json */; };
		637349C7238EF33100C1ADCF /* randomUser.json in Resources */ = {isa = PBXBuildFile; fileRef = 637349C6238EF33100C1ADCF /* randomUser.json */; };
		63813FA423997044000E324C /* DetailedUserGeneratorVC.swift in Sources */ = {isa = PBXBuildFile; fileRef = 63813FA323997044000E324C /* DetailedUserGeneratorVC.swift */; };
		63813FA623997083000E324C /* RandomUsers.swift in Sources */ = {isa = PBXBuildFile; fileRef = 63813FA523997083000E324C /* RandomUsers.swift */; };
		6399F2252395EDA600475EEB /* WeatherViewController.swift in Sources */ = {isa = PBXBuildFile; fileRef = 6399F2242395EDA600475EEB /* WeatherViewController.swift */; };
		6399F2292395EF4400475EEB /* ColorsVC.swift in Sources */ = {isa = PBXBuildFile; fileRef = 6399F2282395EF4400475EEB /* ColorsVC.swift */; };
		6399F22B2395F7A900475EEB /* Weather.swift in Sources */ = {isa = PBXBuildFile; fileRef = 6399F22A2395F7A900475EEB /* Weather.swift */; };
		6399F2312395FF7500475EEB /* DetailedWeatherVC.swift in Sources */ = {isa = PBXBuildFile; fileRef = 6399F2302395FF7500475EEB /* DetailedWeatherVC.swift */; };
/* End PBXBuildFile section */

/* Begin PBXFileReference section */
		633DC38323974E2E0005485F /* Colors.swift */ = {isa = PBXFileReference; lastKnownFileType = sourcecode.swift; path = Colors.swift; sourceTree = "<group>"; };
		633DC38523974E5C0005485F /* DetailedColorsVC.swift */ = {isa = PBXFileReference; lastKnownFileType = sourcecode.swift; path = DetailedColorsVC.swift; sourceTree = "<group>"; };
		637349A7238EE84500C1ADCF /* parsingJSONlab.app */ = {isa = PBXFileReference; explicitFileType = wrapper.application; includeInIndex = 0; path = parsingJSONlab.app; sourceTree = BUILT_PRODUCTS_DIR; };
		637349AA238EE84500C1ADCF /* AppDelegate.swift */ = {isa = PBXFileReference; lastKnownFileType = sourcecode.swift; path = AppDelegate.swift; sourceTree = "<group>"; };
		637349AC238EE84500C1ADCF /* SceneDelegate.swift */ = {isa = PBXFileReference; lastKnownFileType = sourcecode.swift; path = SceneDelegate.swift; sourceTree = "<group>"; };
		637349B3238EE84500C1ADCF /* Base */ = {isa = PBXFileReference; lastKnownFileType = file.storyboard; name = Base; path = Base.lproj/Main.storyboard; sourceTree = "<group>"; };
		637349B5238EE84B00C1ADCF /* Assets.xcassets */ = {isa = PBXFileReference; lastKnownFileType = folder.assetcatalog; path = Assets.xcassets; sourceTree = "<group>"; };
		637349B8238EE84B00C1ADCF /* Base */ = {isa = PBXFileReference; lastKnownFileType = file.storyboard; name = Base; path = Base.lproj/LaunchScreen.storyboard; sourceTree = "<group>"; };
		637349BA238EE84B00C1ADCF /* Info.plist */ = {isa = PBXFileReference; lastKnownFileType = text.plist.xml; path = Info.plist; sourceTree = "<group>"; };
		637349C0238EE95800C1ADCF /* UserGeneratorVC.swift */ = {isa = PBXFileReference; lastKnownFileType = sourcecode.swift; path = UserGeneratorVC.swift; sourceTree = "<group>"; };
		637349C2238EF2F300C1ADCF /* weather.json */ = {isa = PBXFileReference; lastKnownFileType = text.json; path = weather.json; sourceTree = "<group>"; };
		637349C4238EF32100C1ADCF /* color.json */ = {isa = PBXFileReference; lastKnownFileType = text.json; path = color.json; sourceTree = "<group>"; };
		637349C6238EF33100C1ADCF /* randomUser.json */ = {isa = PBXFileReference; lastKnownFileType = text.json; path = randomUser.json; sourceTree = "<group>"; };
		63813FA323997044000E324C /* DetailedUserGeneratorVC.swift */ = {isa = PBXFileReference; lastKnownFileType = sourcecode.swift; path = DetailedUserGeneratorVC.swift; sourceTree = "<group>"; };
		63813FA523997083000E324C /* RandomUsers.swift */ = {isa = PBXFileReference; lastKnownFileType = sourcecode.swift; path = RandomUsers.swift; sourceTree = "<group>"; };
		6399F2242395EDA600475EEB /* WeatherViewController.swift */ = {isa = PBXFileReference; lastKnownFileType = sourcecode.swift; path = WeatherViewController.swift; sourceTree = "<group>"; };
		6399F2282395EF4400475EEB /* ColorsVC.swift */ = {isa = PBXFileReference; lastKnownFileType = sourcecode.swift; path = ColorsVC.swift; sourceTree = "<group>"; };
		6399F22A2395F7A900475EEB /* Weather.swift */ = {isa = PBXFileReference; lastKnownFileType = sourcecode.swift; path = Weather.swift; sourceTree = "<group>"; };
		6399F2302395FF7500475EEB /* DetailedWeatherVC.swift */ = {isa = PBXFileReference; lastKnownFileType = sourcecode.swift; path = DetailedWeatherVC.swift; sourceTree = "<group>"; };
/* End PBXFileReference section */

/* Begin PBXFrameworksBuildPhase section */
		637349A4238EE84400C1ADCF /* Frameworks */ = {
			isa = PBXFrameworksBuildPhase;
			buildActionMask = 2147483647;
			files = (
			);
			runOnlyForDeploymentPostprocessing = 0;
		};
/* End PBXFrameworksBuildPhase section */

/* Begin PBXGroup section */
		6373499E238EE84400C1ADCF = {
			isa = PBXGroup;
			children = (
				637349A9238EE84500C1ADCF /* parsingJSONlab */,
				637349A8238EE84500C1ADCF /* Products */,
			);
			sourceTree = "<group>";
		};
		637349A8238EE84500C1ADCF /* Products */ = {
			isa = PBXGroup;
			children = (
				637349A7238EE84500C1ADCF /* parsingJSONlab.app */,
			);
			name = Products;
			sourceTree = "<group>";
		};
		637349A9238EE84500C1ADCF /* parsingJSONlab */ = {
			isa = PBXGroup;
			children = (
				637349AA238EE84500C1ADCF /* AppDelegate.swift */,
				637349AC238EE84500C1ADCF /* SceneDelegate.swift */,
				637349B2238EE84500C1ADCF /* Main.storyboard */,
				63813FA023996A08000E324C /* Weather */,
				6399F2242395EDA600475EEB /* WeatherViewController.swift */,
				6399F2302395FF7500475EEB /* DetailedWeatherVC.swift */,
				6399F22A2395F7A900475EEB /* Weather.swift */,
				637349C2238EF2F300C1ADCF /* weather.json */,
				63813FA123996A32000E324C /* Color */,
				6399F2282395EF4400475EEB /* ColorsVC.swift */,
				633DC38523974E5C0005485F /* DetailedColorsVC.swift */,
				633DC38323974E2E0005485F /* Colors.swift */,
				637349C4238EF32100C1ADCF /* color.json */,
				63813FA223996A49000E324C /* RandomUser */,
				637349C0238EE95800C1ADCF /* UserGeneratorVC.swift */,
				63813FA323997044000E324C /* DetailedUserGeneratorVC.swift */,
				63813FA523997083000E324C /* RandomUsers.swift */,
				637349C6238EF33100C1ADCF /* randomUser.json */,
				637349B5238EE84B00C1ADCF /* Assets.xcassets */,
				637349B7238EE84B00C1ADCF /* LaunchScreen.storyboard */,
				637349BA238EE84B00C1ADCF /* Info.plist */,
			);
			path = parsingJSONlab;
			sourceTree = "<group>";
		};
		63813FA023996A08000E324C /* Weather */ = {
			isa = PBXGroup;
			children = (
			);
			path = Weather;
			sourceTree = "<group>";
		};
		63813FA123996A32000E324C /* Color */ = {
			isa = PBXGroup;
			children = (
			);
			path = Color;
			sourceTree = "<group>";
		};
		63813FA223996A49000E324C /* RandomUser */ = {
			isa = PBXGroup;
			children = (
			);
			path = RandomUser;
			sourceTree = "<group>";
		};
/* End PBXGroup section */

/* Begin PBXNativeTarget section */
		637349A6238EE84400C1ADCF /* parsingJSONlab */ = {
			isa = PBXNativeTarget;
			buildConfigurationList = 637349BD238EE84B00C1ADCF /* Build configuration list for PBXNativeTarget "parsingJSONlab" */;
			buildPhases = (
				637349A3238EE84400C1ADCF /* Sources */,
				637349A4238EE84400C1ADCF /* Frameworks */,
				637349A5238EE84400C1ADCF /* Resources */,
			);
			buildRules = (
			);
			dependencies = (
			);
			name = parsingJSONlab;
			productName = parsingJSONlab;
			productReference = 637349A7238EE84500C1ADCF /* parsingJSONlab.app */;
			productType = "com.apple.product-type.application";
		};
/* End PBXNativeTarget section */

/* Begin PBXProject section */
		6373499F238EE84400C1ADCF /* Project object */ = {
			isa = PBXProject;
			attributes = {
				LastSwiftUpdateCheck = 1120;
				LastUpgradeCheck = 1120;
				ORGANIZATIONNAME = "David Lin (Passion Proj)";
				TargetAttributes = {
					637349A6238EE84400C1ADCF = {
						CreatedOnToolsVersion = 11.2.1;
					};
				};
			};
			buildConfigurationList = 637349A2238EE84400C1ADCF /* Build configuration list for PBXProject "parsingJSONlab" */;
			compatibilityVersion = "Xcode 9.3";
			developmentRegion = en;
			hasScannedForEncodings = 0;
			knownRegions = (
				en,
				Base,
			);
			mainGroup = 6373499E238EE84400C1ADCF;
			productRefGroup = 637349A8238EE84500C1ADCF /* Products */;
			projectDirPath = "";
			projectRoot = "";
			targets = (
				637349A6238EE84400C1ADCF /* parsingJSONlab */,
			);
		};
/* End PBXProject section */

/* Begin PBXResourcesBuildPhase section */
		637349A5238EE84400C1ADCF /* Resources */ = {
			isa = PBXResourcesBuildPhase;
			buildActionMask = 2147483647;
			files = (
				637349C5238EF32100C1ADCF /* color.json in Resources */,
				637349C3238EF2F300C1ADCF /* weather.json in Resources */,
				637349B9238EE84B00C1ADCF /* LaunchScreen.storyboard in Resources */,
				637349C7238EF33100C1ADCF /* randomUser.json in Resources */,
				637349B6238EE84B00C1ADCF /* Assets.xcassets in Resources */,
				637349B4238EE84500C1ADCF /* Main.storyboard in Resources */,
			);
			runOnlyForDeploymentPostprocessing = 0;
		};
/* End PBXResourcesBuildPhase section */

/* Begin PBXSourcesBuildPhase section */
		637349A3238EE84400C1ADCF /* Sources */ = {
			isa = PBXSourcesBuildPhase;
			buildActionMask = 2147483647;
			files = (
				6399F2252395EDA600475EEB /* WeatherViewController.swift in Sources */,
				633DC38623974E5C0005485F /* DetailedColorsVC.swift in Sources */,
				633DC38423974E2E0005485F /* Colors.swift in Sources */,
				637349C1238EE95800C1ADCF /* UserGeneratorVC.swift in Sources */,
				637349AB238EE84500C1ADCF /* AppDelegate.swift in Sources */,
				6399F2312395FF7500475EEB /* DetailedWeatherVC.swift in Sources */,
				637349AD238EE84500C1ADCF /* SceneDelegate.swift in Sources */,
				63813FA623997083000E324C /* RandomUsers.swift in Sources */,
				6399F22B2395F7A900475EEB /* Weather.swift in Sources */,
				6399F2292395EF4400475EEB /* ColorsVC.swift in Sources */,
				63813FA423997044000E324C /* DetailedUserGeneratorVC.swift in Sources */,
			);
			runOnlyForDeploymentPostprocessing = 0;
		};
/* End PBXSourcesBuildPhase section */

/* Begin PBXVariantGroup section */
		637349B2238EE84500C1ADCF /* Main.storyboard */ = {
			isa = PBXVariantGroup;
			children = (
				637349B3238EE84500C1ADCF /* Base */,
			);
			name = Main.storyboard;
			sourceTree = "<group>";
		};
		637349B7238EE84B00C1ADCF /* LaunchScreen.storyboard */ = {
			isa = PBXVariantGroup;
			children = (
				637349B8238EE84B00C1ADCF /* Base */,
			);
			name = LaunchScreen.storyboard;
			sourceTree = "<group>";
		};
/* End PBXVariantGroup section */

/* Begin XCBuildConfiguration section */
		637349BB238EE84B00C1ADCF /* Debug */ = {
			isa = XCBuildConfiguration;
			buildSettings = {
				ALWAYS_SEARCH_USER_PATHS = NO;
				CLANG_ANALYZER_NONNULL = YES;
				CLANG_ANALYZER_NUMBER_OBJECT_CONVERSION = YES_AGGRESSIVE;
				CLANG_CXX_LANGUAGE_STANDARD = "gnu++14";
				CLANG_CXX_LIBRARY = "libc++";
				CLANG_ENABLE_MODULES = YES;
				CLANG_ENABLE_OBJC_ARC = YES;
				CLANG_ENABLE_OBJC_WEAK = YES;
				CLANG_WARN_BLOCK_CAPTURE_AUTORELEASING = YES;
				CLANG_WARN_BOOL_CONVERSION = YES;
				CLANG_WARN_COMMA = YES;
				CLANG_WARN_CONSTANT_CONVERSION = YES;
				CLANG_WARN_DEPRECATED_OBJC_IMPLEMENTATIONS = YES;
				CLANG_WARN_DIRECT_OBJC_ISA_USAGE = YES_ERROR;
				CLANG_WARN_DOCUMENTATION_COMMENTS = YES;
				CLANG_WARN_EMPTY_BODY = YES;
				CLANG_WARN_ENUM_CONVERSION = YES;
				CLANG_WARN_INFINITE_RECURSION = YES;
				CLANG_WARN_INT_CONVERSION = YES;
				CLANG_WARN_NON_LITERAL_NULL_CONVERSION = YES;
				CLANG_WARN_OBJC_IMPLICIT_RETAIN_SELF = YES;
				CLANG_WARN_OBJC_LITERAL_CONVERSION = YES;
				CLANG_WARN_OBJC_ROOT_CLASS = YES_ERROR;
				CLANG_WARN_RANGE_LOOP_ANALYSIS = YES;
				CLANG_WARN_STRICT_PROTOTYPES = YES;
				CLANG_WARN_SUSPICIOUS_MOVE = YES;
				CLANG_WARN_UNGUARDED_AVAILABILITY = YES_AGGRESSIVE;
				CLANG_WARN_UNREACHABLE_CODE = YES;
				CLANG_WARN__DUPLICATE_METHOD_MATCH = YES;
				COPY_PHASE_STRIP = NO;
				DEBUG_INFORMATION_FORMAT = dwarf;
				ENABLE_STRICT_OBJC_MSGSEND = YES;
				ENABLE_TESTABILITY = YES;
				GCC_C_LANGUAGE_STANDARD = gnu11;
				GCC_DYNAMIC_NO_PIC = NO;
				GCC_NO_COMMON_BLOCKS = YES;
				GCC_OPTIMIZATION_LEVEL = 0;
				GCC_PREPROCESSOR_DEFINITIONS = (
					"DEBUG=1",
					"$(inherited)",
				);
				GCC_WARN_64_TO_32_BIT_CONVERSION = YES;
				GCC_WARN_ABOUT_RETURN_TYPE = YES_ERROR;
				GCC_WARN_UNDECLARED_SELECTOR = YES;
				GCC_WARN_UNINITIALIZED_AUTOS = YES_AGGRESSIVE;
				GCC_WARN_UNUSED_FUNCTION = YES;
				GCC_WARN_UNUSED_VARIABLE = YES;
				IPHONEOS_DEPLOYMENT_TARGET = 13.2;
				MTL_ENABLE_DEBUG_INFO = INCLUDE_SOURCE;
				MTL_FAST_MATH = YES;
				ONLY_ACTIVE_ARCH = YES;
				SDKROOT = iphoneos;
				SWIFT_ACTIVE_COMPILATION_CONDITIONS = DEBUG;
				SWIFT_OPTIMIZATION_LEVEL = "-Onone";
			};
			name = Debug;
		};
		637349BC238EE84B00C1ADCF /* Release */ = {
			isa = XCBuildConfiguration;
			buildSettings = {
				ALWAYS_SEARCH_USER_PATHS = NO;
				CLANG_ANALYZER_NONNULL = YES;
				CLANG_ANALYZER_NUMBER_OBJECT_CONVERSION = YES_AGGRESSIVE;
				CLANG_CXX_LANGUAGE_STANDARD = "gnu++14";
				CLANG_CXX_LIBRARY = "libc++";
				CLANG_ENABLE_MODULES = YES;
				CLANG_ENABLE_OBJC_ARC = YES;
				CLANG_ENABLE_OBJC_WEAK = YES;
				CLANG_WARN_BLOCK_CAPTURE_AUTORELEASING = YES;
				CLANG_WARN_BOOL_CONVERSION = YES;
				CLANG_WARN_COMMA = YES;
				CLANG_WARN_CONSTANT_CONVERSION = YES;
				CLANG_WARN_DEPRECATED_OBJC_IMPLEMENTATIONS = YES;
				CLANG_WARN_DIRECT_OBJC_ISA_USAGE = YES_ERROR;
				CLANG_WARN_DOCUMENTATION_COMMENTS = YES;
				CLANG_WARN_EMPTY_BODY = YES;
				CLANG_WARN_ENUM_CONVERSION = YES;
				CLANG_WARN_INFINITE_RECURSION = YES;
				CLANG_WARN_INT_CONVERSION = YES;
				CLANG_WARN_NON_LITERAL_NULL_CONVERSION = YES;
				CLANG_WARN_OBJC_IMPLICIT_RETAIN_SELF = YES;
				CLANG_WARN_OBJC_LITERAL_CONVERSION = YES;
				CLANG_WARN_OBJC_ROOT_CLASS = YES_ERROR;
				CLANG_WARN_RANGE_LOOP_ANALYSIS = YES;
				CLANG_WARN_STRICT_PROTOTYPES = YES;
				CLANG_WARN_SUSPICIOUS_MOVE = YES;
				CLANG_WARN_UNGUARDED_AVAILABILITY = YES_AGGRESSIVE;
				CLANG_WARN_UNREACHABLE_CODE = YES;
				CLANG_WARN__DUPLICATE_METHOD_MATCH = YES;
				COPY_PHASE_STRIP = NO;
				DEBUG_INFORMATION_FORMAT = "dwarf-with-dsym";
				ENABLE_NS_ASSERTIONS = NO;
				ENABLE_STRICT_OBJC_MSGSEND = YES;
				GCC_C_LANGUAGE_STANDARD = gnu11;
				GCC_NO_COMMON_BLOCKS = YES;
				GCC_WARN_64_TO_32_BIT_CONVERSION = YES;
				GCC_WARN_ABOUT_RETURN_TYPE = YES_ERROR;
				GCC_WARN_UNDECLARED_SELECTOR = YES;
				GCC_WARN_UNINITIALIZED_AUTOS = YES_AGGRESSIVE;
				GCC_WARN_UNUSED_FUNCTION = YES;
				GCC_WARN_UNUSED_VARIABLE = YES;
				IPHONEOS_DEPLOYMENT_TARGET = 13.2;
				MTL_ENABLE_DEBUG_INFO = NO;
				MTL_FAST_MATH = YES;
				SDKROOT = iphoneos;
				SWIFT_COMPILATION_MODE = wholemodule;
				SWIFT_OPTIMIZATION_LEVEL = "-O";
				VALIDATE_PRODUCT = YES;
			};
			name = Release;
		};
		637349BE238EE84B00C1ADCF /* Debug */ = {
			isa = XCBuildConfiguration;
			buildSettings = {
				ASSETCATALOG_COMPILER_APPICON_NAME = AppIcon;
				CODE_SIGN_STYLE = Automatic;
				DEVELOPMENT_TEAM = KJJ3AHRK2K;
				INFOPLIST_FILE = parsingJSONlab/Info.plist;
				LD_RUNPATH_SEARCH_PATHS = (
					"$(inherited)",
					"@executable_path/Frameworks",
				);
				PRODUCT_BUNDLE_IDENTIFIER = com.example.parsingJSONlab;
				PRODUCT_NAME = "$(TARGET_NAME)";
				SWIFT_VERSION = 5.0;
				TARGETED_DEVICE_FAMILY = "1,2";
			};
			name = Debug;
		};
		637349BF238EE84B00C1ADCF /* Release */ = {
			isa = XCBuildConfiguration;
			buildSettings = {
				ASSETCATALOG_COMPILER_APPICON_NAME = AppIcon;
				CODE_SIGN_STYLE = Automatic;
				DEVELOPMENT_TEAM = KJJ3AHRK2K;
				INFOPLIST_FILE = parsingJSONlab/Info.plist;
				LD_RUNPATH_SEARCH_PATHS = (
					"$(inherited)",
					"@executable_path/Frameworks",
				);
				PRODUCT_BUNDLE_IDENTIFIER = com.example.parsingJSONlab;
				PRODUCT_NAME = "$(TARGET_NAME)";
				SWIFT_VERSION = 5.0;
				TARGETED_DEVICE_FAMILY = "1,2";
			};
			name = Release;
		};
/* End XCBuildConfiguration section */

/* Begin XCConfigurationList section */
		637349A2238EE84400C1ADCF /* Build configuration list for PBXProject "parsingJSONlab" */ = {
			isa = XCConfigurationList;
			buildConfigurations = (
				637349BB238EE84B00C1ADCF /* Debug */,
				637349BC238EE84B00C1ADCF /* Release */,
			);
			defaultConfigurationIsVisible = 0;
			defaultConfigurationName = Release;
		};
		637349BD238EE84B00C1ADCF /* Build configuration list for PBXNativeTarget "parsingJSONlab" */ = {
			isa = XCConfigurationList;
			buildConfigurations = (
				637349BE238EE84B00C1ADCF /* Debug */,
				637349BF238EE84B00C1ADCF /* Release */,
			);
			defaultConfigurationIsVisible = 0;
			defaultConfigurationName = Release;
		};
/* End XCConfigurationList section */
	};
	rootObject = 6373499F238EE84400C1ADCF /* Project object */;
}
